
Microsoft Visual Studio Solution File, Format Version 12.00
# Visual Studio Version 16
VisualStudioVersion = 16.0.31112.23
MinimumVisualStudioVersion = 10.0.40219.1
Project("{FAE04EC0-301F-11D3-BF4B-00C04F79EFBC}") = "Barcode", "Barcode\Barcode.csproj", "{B61AC42D-B6A4-4595-B061-1E1F54ABD5CD}"
EndProject
Global
	GlobalSection(SolutionConfigurationPlatforms) = preSolution
		Debug|Any CPU = Debug|Any CPU
		Release|Any CPU = Release|Any CPU
	EndGlobalSection
	GlobalSection(ProjectConfigurationPlatforms) = postSolution
		{B61AC42D-B6A4-4595-B061-1E1F54ABD5CD}.Debug|Any CPU.ActiveCfg = Debug|Any CPU
		{B61AC42D-B6A4-4595-B061-1E1F54ABD5CD}.Debug|Any CPU.Build.0 = Debug|Any CPU
		{B61AC42D-B6A4-4595-B061-1E1F54ABD5CD}.Release|Any CPU.ActiveCfg = Release|Any CPU
		{B61AC42D-B6A4-4595-B061-1E1F54ABD5CD}.Release|Any CPU.Build.0 = Release|Any CPU
	EndGlobalSection
	GlobalSection(SolutionProperties) = preSolution
		HideSolutionNode = FALSE
	EndGlobalSection
	GlobalSection(ExtensibilityGlobals) = postSolution
		SolutionGuid = {5B36BE9C-B8D7-4DE4-A676-F2150EE269E6}
	EndGlobalSection
EndGlobal
